
Microsoft Visual Studio Solution File, Format Version 12.00
# Visual Studio Version 16
VisualStudioVersion = 16.0.31004.235
MinimumVisualStudioVersion = 10.0.40219.1
Project("{8BC9CEB8-8B4A-11D0-8D11-00A0C91BC942}") = "alpha", "alpha.vcxproj", "{DB54C7B1-1125-448E-A58C-4DE08E72CF51}"
EndProject
Project("{2150E333-8FDC-42A3-9474-1A3956D46DE8}") = "Solution Items", "Solution Items", "{D9CB5854-EEA0-4DD2-9861-53E80636E67A}"
	ProjectSection(SolutionItems) = preProject
		..\db_api.h = ..\db_api.h
		..\wrk.c = ..\wrk.c
	EndProjectSection
EndProject
Global
	GlobalSection(SolutionConfigurationPlatforms) = preSolution
		Debug|x64 = Debug|x64
		Debug|x86 = Debug|x86
		Release|x64 = Release|x64
		Release|x86 = Release|x86
	EndGlobalSection
	GlobalSection(ProjectConfigurationPlatforms) = postSolution
		{DB54C7B1-1125-448E-A58C-4DE08E72CF51}.Debug|x64.ActiveCfg = Debug|x64
		{DB54C7B1-1125-448E-A58C-4DE08E72CF51}.Debug|x64.Build.0 = Debug|x64
		{DB54C7B1-1125-448E-A58C-4DE08E72CF51}.Debug|x86.ActiveCfg = Debug|Win32
		{DB54C7B1-1125-448E-A58C-4DE08E72CF51}.Debug|x86.Build.0 = Debug|Win32
		{DB54C7B1-1125-448E-A58C-4DE08E72CF51}.Release|x64.ActiveCfg = Release|x64
		{DB54C7B1-1125-448E-A58C-4DE08E72CF51}.Release|x64.Build.0 = Release|x64
		{DB54C7B1-1125-448E-A58C-4DE08E72CF51}.Release|x86.ActiveCfg = Release|Win32
		{DB54C7B1-1125-448E-A58C-4DE08E72CF51}.Release|x86.Build.0 = Release|Win32
	EndGlobalSection
	GlobalSection(SolutionProperties) = preSolution
		HideSolutionNode = FALSE
	EndGlobalSection
	GlobalSection(ExtensibilityGlobals) = postSolution
		SolutionGuid = {0E2FD589-E9C1-43E8-8770-9D19CEDFB055}
	EndGlobalSection
EndGlobal
